
Microsoft Visual Studio Solution File, Format Version 12.00
# Visual Studio Express 2012 for Windows Desktop
Project("{FAE04EC0-301F-11D3-BF4B-00C04F79EFBC}") = "Practica8", "Practica8\Practica8.csproj", "{30F8DDB6-6825-40D3-B6E0-042D1A83CDD7}"
EndProject
Global
	GlobalSection(SolutionConfigurationPlatforms) = preSolution
		Debug|Any CPU = Debug|Any CPU
		Release|Any CPU = Release|Any CPU
	EndGlobalSection
	GlobalSection(ProjectConfigurationPlatforms) = postSolution
		{30F8DDB6-6825-40D3-B6E0-042D1A83CDD7}.Debug|Any CPU.ActiveCfg = Debug|Any CPU
		{30F8DDB6-6825-40D3-B6E0-042D1A83CDD7}.Debug|Any CPU.Build.0 = Debug|Any CPU
		{30F8DDB6-6825-40D3-B6E0-042D1A83CDD7}.Release|Any CPU.ActiveCfg = Release|Any CPU
		{30F8DDB6-6825-40D3-B6E0-042D1A83CDD7}.Release|Any CPU.Build.0 = Release|Any CPU
	EndGlobalSection
	GlobalSection(SolutionProperties) = preSolution
		HideSolutionNode = FALSE
	EndGlobalSection
EndGlobal
